<Solution>
  <Folder Name="/解决方案项/">
    <File Path=".editorconfig" />
    <File Path="README.md" />
  </Folder>
  <Project Path="Projects/OnePulse.App.Cli/OnePulse.App.Cli.csproj" />
  <Project Path="Projects/OnePulse.App.Gui/OnePulse.App.Gui.csproj">
    <Platform Project="x64" />
    <Deploy />
  </Project>
  <Project Path="Projects/OnePulse.Features.LoginManager/OnePulse.Features.LoginManager.csproj" Id="1cf63b70-cdce-4246-9fd6-14567143624a" />
  <Project Path="Projects/OnePulse.Pan123.Api/OnePulse.Pan123.Api.csproj" Id="83d18c7c-3248-4dec-84af-3d06a68eff6d" />
</Solution>
